
Microsoft Visual Studio Solution File, Format Version 12.00
# Visual Studio 2013
VisualStudioVersion = 12.0.21005.1
MinimumVisualStudioVersion = 10.0.40219.1
Project("{F184B08F-C81C-45F6-A57F-5ABD9991F28F}") = "Roman Numeral Converter", "Roman Numeral Converter\Roman Numeral Converter.vbproj", "{59FCBE06-B87B-492B-B9E1-33C84F2ECC47}"
EndProject
Global
	GlobalSection(SolutionConfigurationPlatforms) = preSolution
		Debug|Any CPU = Debug|Any CPU
		Release|Any CPU = Release|Any CPU
	EndGlobalSection
	GlobalSection(ProjectConfigurationPlatforms) = postSolution
		{59FCBE06-B87B-492B-B9E1-33C84F2ECC47}.Debug|Any CPU.ActiveCfg = Debug|Any CPU
		{59FCBE06-B87B-492B-B9E1-33C84F2ECC47}.Debug|Any CPU.Build.0 = Debug|Any CPU
		{59FCBE06-B87B-492B-B9E1-33C84F2ECC47}.Release|Any CPU.ActiveCfg = Release|Any CPU
		{59FCBE06-B87B-492B-B9E1-33C84F2ECC47}.Release|Any CPU.Build.0 = Release|Any CPU
	EndGlobalSection
	GlobalSection(SolutionProperties) = preSolution
		HideSolutionNode = FALSE
	EndGlobalSection
EndGlobal
